{
  "name": "scalercalctest",
  "version": "1.0.0",
  "lockfileVersion": 3,
  "requires": true,
  "packages": {
    "": {
      "name": "scalercalctest",
      "version": "1.0.0",
      "license": "ISC",
      "dependencies": {
        "scalercalc2": "^1.0.0"
      }
    },
    "node_modules/scalercalc2": {
      "version": "1.0.0",
      "resolved": "https://registry.npmjs.org/scalercalc2/-/scalercalc2-1.0.0.tgz",
      "integrity": "sha512-EefmzfrUHIkjtiiwPrQUBdJIg30Q6L05R39pYV2NQPeY5JPVtxpBmokgrLd7OABiZjmbrm0ZHmcen2xPBuRXCA=="
    }
  }
}
